
Microsoft Visual Studio Solution File, Format Version 12.00
# Visual Studio Version 17
VisualStudioVersion = 17.4.33205.214
MinimumVisualStudioVersion = 10.0.40219.1
Project("{FAE04EC0-301F-11D3-BF4B-00C04F79EFBC}") = "MVVM.Valkrusman.Android", "MVVM.Valkrusman.Android\MVVM.Valkrusman.Android.csproj", "{5B5BA709-69EC-47F0-BB7C-B07FA1451043}"
EndProject
Project("{FAE04EC0-301F-11D3-BF4B-00C04F79EFBC}") = "MVVM.Valkrusman", "MVVM.Valkrusman\MVVM.Valkrusman.csproj", "{F6CBCBB4-6E76-4528-BBEE-FA339F3BB403}"
EndProject
Global
	GlobalSection(SolutionConfigurationPlatforms) = preSolution
		Debug|Any CPU = Debug|Any CPU
		Release|Any CPU = Release|Any CPU
	EndGlobalSection
	GlobalSection(ProjectConfigurationPlatforms) = postSolution
		{5B5BA709-69EC-47F0-BB7C-B07FA1451043}.Debug|Any CPU.ActiveCfg = Debug|Any CPU
		{5B5BA709-69EC-47F0-BB7C-B07FA1451043}.Debug|Any CPU.Build.0 = Debug|Any CPU
		{5B5BA709-69EC-47F0-BB7C-B07FA1451043}.Debug|Any CPU.Deploy.0 = Debug|Any CPU
		{5B5BA709-69EC-47F0-BB7C-B07FA1451043}.Release|Any CPU.ActiveCfg = Release|Any CPU
		{5B5BA709-69EC-47F0-BB7C-B07FA1451043}.Release|Any CPU.Build.0 = Release|Any CPU
		{5B5BA709-69EC-47F0-BB7C-B07FA1451043}.Release|Any CPU.Deploy.0 = Release|Any CPU
		{F6CBCBB4-6E76-4528-BBEE-FA339F3BB403}.Debug|Any CPU.ActiveCfg = Debug|Any CPU
		{F6CBCBB4-6E76-4528-BBEE-FA339F3BB403}.Debug|Any CPU.Build.0 = Debug|Any CPU
		{F6CBCBB4-6E76-4528-BBEE-FA339F3BB403}.Debug|Any CPU.Deploy.0 = Debug|Any CPU
		{F6CBCBB4-6E76-4528-BBEE-FA339F3BB403}.Release|Any CPU.ActiveCfg = Release|Any CPU
		{F6CBCBB4-6E76-4528-BBEE-FA339F3BB403}.Release|Any CPU.Build.0 = Release|Any CPU
		{F6CBCBB4-6E76-4528-BBEE-FA339F3BB403}.Release|Any CPU.Deploy.0 = Release|Any CPU
	EndGlobalSection
	GlobalSection(SolutionProperties) = preSolution
		HideSolutionNode = FALSE
	EndGlobalSection
	GlobalSection(ExtensibilityGlobals) = postSolution
		SolutionGuid = {D9A3AA76-5E6D-442B-A21D-3AEE215EE039}
	EndGlobalSection
EndGlobal
